
Microsoft Visual Studio Solution File, Format Version 12.00
# Visual Studio 15
VisualStudioVersion = 15.0.28307.421
MinimumVisualStudioVersion = 10.0.40219.1
Project("{FAE04EC0-301F-11D3-BF4B-00C04F79EFBC}") = "BowlingGame", "BowlingGame\BowlingGame.csproj", "{1B263003-AB9A-423B-BB07-FF96E78491F9}"
EndProject
Global
	GlobalSection(SolutionConfigurationPlatforms) = preSolution
		Debug|Any CPU = Debug|Any CPU
		Release|Any CPU = Release|Any CPU
	EndGlobalSection
	GlobalSection(ProjectConfigurationPlatforms) = postSolution
		{1B263003-AB9A-423B-BB07-FF96E78491F9}.Debug|Any CPU.ActiveCfg = Debug|Any CPU
		{1B263003-AB9A-423B-BB07-FF96E78491F9}.Debug|Any CPU.Build.0 = Debug|Any CPU
		{1B263003-AB9A-423B-BB07-FF96E78491F9}.Release|Any CPU.ActiveCfg = Release|Any CPU
		{1B263003-AB9A-423B-BB07-FF96E78491F9}.Release|Any CPU.Build.0 = Release|Any CPU
	EndGlobalSection
	GlobalSection(SolutionProperties) = preSolution
		HideSolutionNode = FALSE
	EndGlobalSection
	GlobalSection(ExtensibilityGlobals) = postSolution
		SolutionGuid = {5E417D83-BCF1-4B04-8798-C0E02032A3F9}
	EndGlobalSection
EndGlobal
